
Microsoft Visual Studio Solution File, Format Version 12.00
# Visual Studio Version 16
VisualStudioVersion = 16.0.29519.161
MinimumVisualStudioVersion = 10.0.40219.1
Project("{FAE04EC0-301F-11D3-BF4B-00C04F79EFBC}") = "StageCoder", "StageCoder.csproj", "{4F846845-28C1-48BB-B315-FAD13B109957}"
EndProject
Global
	GlobalSection(SolutionConfigurationPlatforms) = preSolution
		Debug|Any CPU = Debug|Any CPU
		Release|Any CPU = Release|Any CPU
	EndGlobalSection
	GlobalSection(ProjectConfigurationPlatforms) = postSolution
		{4F846845-28C1-48BB-B315-FAD13B109957}.Debug|Any CPU.ActiveCfg = Debug|Any CPU
		{4F846845-28C1-48BB-B315-FAD13B109957}.Debug|Any CPU.Build.0 = Debug|Any CPU
		{4F846845-28C1-48BB-B315-FAD13B109957}.Release|Any CPU.ActiveCfg = Release|Any CPU
		{4F846845-28C1-48BB-B315-FAD13B109957}.Release|Any CPU.Build.0 = Release|Any CPU
	EndGlobalSection
	GlobalSection(SolutionProperties) = preSolution
		HideSolutionNode = FALSE
	EndGlobalSection
	GlobalSection(ExtensibilityGlobals) = postSolution
		SolutionGuid = {56102B3E-F376-42B3-8948-E34293E8FD7C}
	EndGlobalSection
EndGlobal
